
Microsoft Visual Studio Solution File, Format Version 12.00
# Visual Studio 15
VisualStudioVersion = 15.0.28307.489
MinimumVisualStudioVersion = 10.0.40219.1
Project("{9A19103F-16F7-4668-BE54-9A1E7A4F7556}") = "ReactWebApp", "ReactWebApp\ReactWebApp.csproj", "{5F2A8E78-6FC6-4D30-922C-8A3ECC500A10}"
EndProject
Project("{FAE04EC0-301F-11D3-BF4B-00C04F79EFBC}") = "UnitTests", "UnitTests\UnitTests.csproj", "{4CC18EE3-BE9D-4F3B-955D-8D7F10ED2397}"
EndProject
Global
	GlobalSection(SolutionConfigurationPlatforms) = preSolution
		Debug|Any CPU = Debug|Any CPU
		Release|Any CPU = Release|Any CPU
	EndGlobalSection
	GlobalSection(ProjectConfigurationPlatforms) = postSolution
		{5F2A8E78-6FC6-4D30-922C-8A3ECC500A10}.Debug|Any CPU.ActiveCfg = Debug|Any CPU
		{5F2A8E78-6FC6-4D30-922C-8A3ECC500A10}.Debug|Any CPU.Build.0 = Debug|Any CPU
		{5F2A8E78-6FC6-4D30-922C-8A3ECC500A10}.Release|Any CPU.ActiveCfg = Release|Any CPU
		{5F2A8E78-6FC6-4D30-922C-8A3ECC500A10}.Release|Any CPU.Build.0 = Release|Any CPU
		{4CC18EE3-BE9D-4F3B-955D-8D7F10ED2397}.Debug|Any CPU.ActiveCfg = Debug|Any CPU
		{4CC18EE3-BE9D-4F3B-955D-8D7F10ED2397}.Debug|Any CPU.Build.0 = Debug|Any CPU
		{4CC18EE3-BE9D-4F3B-955D-8D7F10ED2397}.Release|Any CPU.ActiveCfg = Release|Any CPU
		{4CC18EE3-BE9D-4F3B-955D-8D7F10ED2397}.Release|Any CPU.Build.0 = Release|Any CPU
	EndGlobalSection
	GlobalSection(SolutionProperties) = preSolution
		HideSolutionNode = FALSE
	EndGlobalSection
	GlobalSection(ExtensibilityGlobals) = postSolution
		SolutionGuid = {551746E0-FBA2-4529-9346-ECE0D9189E3B}
	EndGlobalSection
EndGlobal
